{
  "name": "sever",
  "version": "0.0.0",
  "lockfileVersion": 1,
  "requires": true,
  "dependencies": {
    "bignumber.js": {
      "version": "4.1.0",
      "resolved": "https://registry.npmjs.org/bignumber.js/-/bignumber.js-4.1.0.tgz",
      "integrity": "sha512-eJzYkFYy9L4JzXsbymsFn3p54D+llV27oTQ+ziJG7WFRheJcNZilgVXMG0LoZtlQSKBsJdWtLFqOD0u+U0jZKA=="
    },
    "cookie-parser": {
      "version": "1.4.4",
      "resolved": "http://registry.npm.taobao.org/cookie-parser/download/cookie-parser-1.4.4.tgz",
      "requires": {
        "cookie": "0.3.1",
        "cookie-signature": "1.0.6"
      },
      "dependencies": {
        "cookie": {
          "version": "0.3.1",
          "resolved": "http://registry.npm.taobao.org/cookie/download/cookie-0.3.1.tgz"
        },
        "cookie-signature": {
          "version": "1.0.6",
          "resolved": "http://registry.npm.taobao.org/cookie-signature/download/cookie-signature-1.0.6.tgz"
        }
      }
    },
    "core-util-is": {
      "version": "1.0.2",
      "resolved": "https://registry.npmjs.org/core-util-is/-/core-util-is-1.0.2.tgz",
      "integrity": "sha1-tf1UIgqivFq1eqtxQMlAdUUDwac="
    },
    "debug": {
      "version": "2.6.9",
      "resolved": "http://registry.npm.taobao.org/debug/download/debug-2.6.9.tgz",
      "dependencies": {
        "ms": {
          "version": "http://registry.npm.taobao.org/ms/download/ms-2.0.0.tgz",
          "bundled": true
        }
      }
    },
    "express": {
      "version": "4.16.4",
      "resolved": "http://registry.npm.taobao.org/express/download/express-4.16.4.tgz",
      "requires": {
        "accepts": "~1.3.5",
        "array-flatten": "1.1.1",
        "body-parser": "1.18.3",
        "content-disposition": "0.5.2",
        "content-type": "~1.0.4",
        "cookie": "0.3.1",
        "cookie-signature": "1.0.6",
        "debug": "2.6.9",
        "depd": "~1.1.2",
        "encodeurl": "~1.0.2",
        "escape-html": "~1.0.3",
        "etag": "~1.8.1",
        "finalhandler": "1.1.1",
        "fresh": "0.5.2",
        "merge-descriptors": "1.0.1",
        "methods": "~1.1.2",
        "on-finished": "~2.3.0",
        "parseurl": "~1.3.2",
        "path-to-regexp": "0.1.7",
        "proxy-addr": "~2.0.4",
        "qs": "6.5.2",
        "range-parser": "~1.2.0",
        "safe-buffer": "5.1.2",
        "send": "0.16.2",
        "serve-static": "1.13.2",
        "setprototypeof": "1.1.0",
        "statuses": "~1.4.0",
        "type-is": "~1.6.16",
        "utils-merge": "1.0.1",
        "vary": "~1.1.2"
      },
      "dependencies": {
        "accepts": {
          "version": "1.3.5",
          "resolved": "http://registry.npm.taobao.org/accepts/download/accepts-1.3.5.tgz",
          "dependencies": {
            "mime-types": {
              "version": "http://registry.npm.taobao.org/mime-types/download/mime-types-2.1.22.tgz",
              "bundled": true
            },
            "negotiator": {
              "version": "http://registry.npm.taobao.org/negotiator/download/negotiator-0.6.1.tgz",
              "bundled": true
            }
          }
        },
        "array-flatten": {
          "version": "1.1.1",
          "resolved": "http://registry.npm.taobao.org/array-flatten/download/array-flatten-1.1.1.tgz"
        },
        "body-parser": {
          "version": "1.18.3",
          "resolved": "http://registry.npm.taobao.org/body-parser/download/body-parser-1.18.3.tgz",
          "dependencies": {
            "bytes": {
              "version": "http://registry.npm.taobao.org/bytes/download/bytes-3.0.0.tgz",
              "bundled": true
            },
            "content-type": {
              "version": "http://registry.npm.taobao.org/content-type/download/content-type-1.0.4.tgz",
              "bundled": true
            },
            "debug": {
              "version": "http://registry.npm.taobao.org/debug/download/debug-2.6.9.tgz",
              "bundled": true
            },
            "depd": {
              "version": "http://registry.npm.taobao.org/depd/download/depd-1.1.2.tgz",
              "bundled": true
            },
            "http-errors": {
              "version": "http://registry.npm.taobao.org/http-errors/download/http-errors-1.6.3.tgz",
              "bundled": true,
              "dependencies": {
                "depd": {
                  "version": "http://registry.npm.taobao.org/depd/download/depd-1.1.2.tgz",
                  "bundled": true
                },
                "inherits": {
                  "version": "http://registry.npm.taobao.org/inherits/download/inherits-2.0.3.tgz",
                  "bundled": true
                },
                "setprototypeof": {
                  "version": "http://registry.npm.taobao.org/setprototypeof/download/setprototypeof-1.1.0.tgz",
                  "bundled": true
                },
                "statuses": {
                  "version": "http://registry.npm.taobao.org/statuses/download/statuses-1.5.0.tgz",
                  "bundled": true
                }
              }
            },
            "iconv-lite": {
              "version": "http://registry.npm.taobao.org/iconv-lite/download/iconv-lite-0.4.23.tgz",
              "bundled": true,
              "dependencies": {
                "safer-buffer": {
                  "version": "http://registry.npm.taobao.org/safer-buffer/download/safer-buffer-2.1.2.tgz",
                  "bundled": true
                }
              }
            },
            "on-finished": {
              "version": "http://registry.npm.taobao.org/on-finished/download/on-finished-2.3.0.tgz",
              "bundled": true,
              "dependencies": {
                "ee-first": {
                  "version": "http://registry.npm.taobao.org/ee-first/download/ee-first-1.1.1.tgz",
                  "bundled": true
                }
              }
            },
            "qs": {
              "version": "http://registry.npm.taobao.org/qs/download/qs-6.5.2.tgz",
              "bundled": true
            },
            "raw-body": {
              "version": "http://registry.npm.taobao.org/raw-body/download/raw-body-2.3.3.tgz",
              "bundled": true,
              "dependencies": {
                "bytes": {
                  "version": "http://registry.npm.taobao.org/bytes/download/bytes-3.0.0.tgz",
                  "bundled": true
                },
                "http-errors": {
                  "version": "http://registry.npm.taobao.org/http-errors/download/http-errors-1.6.3.tgz",
                  "bundled": true,
                  "dependencies": {
                    "depd": {
                      "version": "http://registry.npm.taobao.org/depd/download/depd-1.1.2.tgz",
                      "bundled": true
                    },
                    "inherits": {
                      "version": "http://registry.npm.taobao.org/inherits/download/inherits-2.0.3.tgz",
                      "bundled": true
                    },
                    "setprototypeof": {
                      "version": "http://registry.npm.taobao.org/setprototypeof/download/setprototypeof-1.1.0.tgz",
                      "bundled": true
                    },
                    "statuses": {
                      "version": "http://registry.npm.taobao.org/statuses/download/statuses-1.5.0.tgz",
                      "bundled": true
                    }
                  }
                },
                "iconv-lite": {
                  "version": "http://registry.npm.taobao.org/iconv-lite/download/iconv-lite-0.4.23.tgz",
                  "bundled": true,
                  "dependencies": {
                    "safer-buffer": {
                      "version": "http://registry.npm.taobao.org/safer-buffer/download/safer-buffer-2.1.2.tgz",
                      "bundled": true
                    }
                  }
                },
                "unpipe": {
                  "version": "http://registry.npm.taobao.org/unpipe/download/unpipe-1.0.0.tgz",
                  "bundled": true
                }
              }
            },
            "type-is": {
              "version": "http://registry.npm.taobao.org/type-is/download/type-is-1.6.16.tgz",
              "bundled": true,
              "dependencies": {
                "media-typer": {
                  "version": "http://registry.npm.taobao.org/media-typer/download/media-typer-0.3.0.tgz",
                  "bundled": true
                },
                "mime-types": {
                  "version": "http://registry.npm.taobao.org/mime-types/download/mime-types-2.1.22.tgz",
                  "bundled": true,
                  "dependencies": {
                    "mime-db": {
                      "version": "http://registry.npm.taobao.org/mime-db/download/mime-db-1.38.0.tgz",
                      "bundled": true
                    }
                  }
                }
              }
            }
          }
        },
        "content-disposition": {
          "version": "0.5.2",
          "resolved": "http://registry.npm.taobao.org/content-disposition/download/content-disposition-0.5.2.tgz"
        },
        "content-type": {
          "version": "1.0.4",
          "resolved": "http://registry.npm.taobao.org/content-type/download/content-type-1.0.4.tgz"
        },
        "cookie": {
          "version": "0.3.1",
          "resolved": "http://registry.npm.taobao.org/cookie/download/cookie-0.3.1.tgz"
        },
        "cookie-signature": {
          "version": "1.0.6",
          "resolved": "http://registry.npm.taobao.org/cookie-signature/download/cookie-signature-1.0.6.tgz"
        },
        "debug": {
          "version": "2.6.9",
          "resolved": "http://registry.npm.taobao.org/debug/download/debug-2.6.9.tgz",
          "dependencies": {
            "ms": {
              "version": "http://registry.npm.taobao.org/ms/download/ms-2.0.0.tgz",
              "bundled": true
            }
          }
        },
        "depd": {
          "version": "1.1.2",
          "resolved": "http://registry.npm.taobao.org/depd/download/depd-1.1.2.tgz"
        },
        "encodeurl": {
          "version": "1.0.2",
          "resolved": "http://registry.npm.taobao.org/encodeurl/download/encodeurl-1.0.2.tgz"
        },
        "escape-html": {
          "version": "1.0.3",
          "resolved": "http://registry.npm.taobao.org/escape-html/download/escape-html-1.0.3.tgz"
        },
        "etag": {
          "version": "1.8.1",
          "resolved": "http://registry.npm.taobao.org/etag/download/etag-1.8.1.tgz"
        },
        "finalhandler": {
          "version": "1.1.1",
          "resolved": "http://registry.npm.taobao.org/finalhandler/download/finalhandler-1.1.1.tgz",
          "dependencies": {
            "debug": {
              "version": "http://registry.npm.taobao.org/debug/download/debug-2.6.9.tgz",
              "bundled": true,
              "dependencies": {
                "ms": {
                  "version": "http://registry.npm.taobao.org/ms/download/ms-2.0.0.tgz",
                  "bundled": true
                }
              }
            },
            "encodeurl": {
              "version": "http://registry.npm.taobao.org/encodeurl/download/encodeurl-1.0.2.tgz",
              "bundled": true
            },
            "escape-html": {
              "version": "http://registry.npm.taobao.org/escape-html/download/escape-html-1.0.3.tgz",
              "bundled": true
            },
            "on-finished": {
              "version": "http://registry.npm.taobao.org/on-finished/download/on-finished-2.3.0.tgz",
              "bundled": true,
              "dependencies": {
                "ee-first": {
                  "version": "http://registry.npm.taobao.org/ee-first/download/ee-first-1.1.1.tgz",
                  "bundled": true
                }
              }
            },
            "parseurl": {
              "version": "http://registry.npm.taobao.org/parseurl/download/parseurl-1.3.2.tgz",
              "bundled": true
            },
            "statuses": {
              "version": "http://registry.npm.taobao.org/statuses/download/statuses-1.4.0.tgz",
              "bundled": true
            },
            "unpipe": {
              "version": "http://registry.npm.taobao.org/unpipe/download/unpipe-1.0.0.tgz",
              "bundled": true
            }
          }
        },
        "fresh": {
          "version": "0.5.2",
          "resolved": "http://registry.npm.taobao.org/fresh/download/fresh-0.5.2.tgz"
        },
        "merge-descriptors": {
          "version": "1.0.1",
          "resolved": "http://registry.npm.taobao.org/merge-descriptors/download/merge-descriptors-1.0.1.tgz"
        },
        "methods": {
          "version": "1.1.2",
          "resolved": "http://registry.npm.taobao.org/methods/download/methods-1.1.2.tgz"
        },
        "on-finished": {
          "version": "2.3.0",
          "resolved": "http://registry.npm.taobao.org/on-finished/download/on-finished-2.3.0.tgz",
          "dependencies": {
            "ee-first": {
              "version": "http://registry.npm.taobao.org/ee-first/download/ee-first-1.1.1.tgz",
              "bundled": true
            }
          }
        },
        "parseurl": {
          "version": "1.3.2",
          "resolved": "http://registry.npm.taobao.org/parseurl/download/parseurl-1.3.2.tgz"
        },
        "path-to-regexp": {
          "version": "0.1.7",
          "resolved": "http://registry.npm.taobao.org/path-to-regexp/download/path-to-regexp-0.1.7.tgz"
        },
        "proxy-addr": {
          "version": "2.0.4",
          "resolved": "http://registry.npm.taobao.org/proxy-addr/download/proxy-addr-2.0.4.tgz",
          "dependencies": {
            "forwarded": {
              "version": "http://registry.npm.taobao.org/forwarded/download/forwarded-0.1.2.tgz",
              "bundled": true
            },
            "ipaddr.js": {
              "version": "http://registry.npm.taobao.org/ipaddr.js/download/ipaddr.js-1.8.0.tgz",
              "bundled": true
            }
          }
        },
        "qs": {
          "version": "6.5.2",
          "resolved": "http://registry.npm.taobao.org/qs/download/qs-6.5.2.tgz"
        },
        "range-parser": {
          "version": "1.2.0",
          "resolved": "http://registry.npm.taobao.org/range-parser/download/range-parser-1.2.0.tgz"
        },
        "safe-buffer": {
          "version": "5.1.2",
          "resolved": "http://registry.npm.taobao.org/safe-buffer/download/safe-buffer-5.1.2.tgz"
        },
        "send": {
          "version": "0.16.2",
          "resolved": "http://registry.npm.taobao.org/send/download/send-0.16.2.tgz",
          "dependencies": {
            "debug": {
              "version": "http://registry.npm.taobao.org/debug/download/debug-2.6.9.tgz",
              "bundled": true,
              "dependencies": {
                "ms": {
                  "version": "http://registry.npm.taobao.org/ms/download/ms-2.0.0.tgz",
                  "bundled": true
                }
              }
            },
            "depd": {
              "version": "http://registry.npm.taobao.org/depd/download/depd-1.1.2.tgz",
              "bundled": true
            },
            "destroy": {
              "version": "http://registry.npm.taobao.org/destroy/download/destroy-1.0.4.tgz",
              "bundled": true
            },
            "encodeurl": {
              "version": "http://registry.npm.taobao.org/encodeurl/download/encodeurl-1.0.2.tgz",
              "bundled": true
            },
            "escape-html": {
              "version": "http://registry.npm.taobao.org/escape-html/download/escape-html-1.0.3.tgz",
              "bundled": true
            },
            "etag": {
              "version": "http://registry.npm.taobao.org/etag/download/etag-1.8.1.tgz",
              "bundled": true
            },
            "fresh": {
              "version": "http://registry.npm.taobao.org/fresh/download/fresh-0.5.2.tgz",
              "bundled": true
            },
            "http-errors": {
              "version": "http://registry.npm.taobao.org/http-errors/download/http-errors-1.6.3.tgz",
              "bundled": true,
              "dependencies": {
                "depd": {
                  "version": "http://registry.npm.taobao.org/depd/download/depd-1.1.2.tgz",
                  "bundled": true
                },
                "inherits": {
                  "version": "http://registry.npm.taobao.org/inherits/download/inherits-2.0.3.tgz",
                  "bundled": true
                },
                "setprototypeof": {
                  "version": "http://registry.npm.taobao.org/setprototypeof/download/setprototypeof-1.1.0.tgz",
                  "bundled": true
                },
                "statuses": {
                  "version": "http://registry.npm.taobao.org/statuses/download/statuses-1.5.0.tgz",
                  "bundled": true
                }
              }
            },
            "mime": {
              "version": "http://registry.npm.taobao.org/mime/download/mime-1.4.1.tgz",
              "bundled": true
            },
            "ms": {
              "version": "http://registry.npm.taobao.org/ms/download/ms-2.0.0.tgz",
              "bundled": true
            },
            "on-finished": {
              "version": "http://registry.npm.taobao.org/on-finished/download/on-finished-2.3.0.tgz",
              "bundled": true,
              "dependencies": {
                "ee-first": {
                  "version": "http://registry.npm.taobao.org/ee-first/download/ee-first-1.1.1.tgz",
                  "bundled": true
                }
              }
            },
            "range-parser": {
              "version": "http://registry.npm.taobao.org/range-parser/download/range-parser-1.2.0.tgz",
              "bundled": true
            },
            "statuses": {
              "version": "http://registry.npm.taobao.org/statuses/download/statuses-1.4.0.tgz",
              "bundled": true
            }
          }
        },
        "serve-static": {
          "version": "1.13.2",
          "resolved": "http://registry.npm.taobao.org/serve-static/download/serve-static-1.13.2.tgz",
          "dependencies": {
            "encodeurl": {
              "version": "http://registry.npm.taobao.org/encodeurl/download/encodeurl-1.0.2.tgz",
              "bundled": true
            },
            "escape-html": {
              "version": "http://registry.npm.taobao.org/escape-html/download/escape-html-1.0.3.tgz",
              "bundled": true
            },
            "parseurl": {
              "version": "http://registry.npm.taobao.org/parseurl/download/parseurl-1.3.2.tgz",
              "bundled": true
            },
            "send": {
              "version": "http://registry.npm.taobao.org/send/download/send-0.16.2.tgz",
              "bundled": true,
              "dependencies": {
                "debug": {
                  "version": "http://registry.npm.taobao.org/debug/download/debug-2.6.9.tgz",
                  "bundled": true,
                  "dependencies": {}
                },
                "depd": {
                  "version": "http://registry.npm.taobao.org/depd/download/depd-1.1.2.tgz",
                  "bundled": true
                },
                "destroy": {
                  "version": "http://registry.npm.taobao.org/destroy/download/destroy-1.0.4.tgz",
                  "bundled": true
                },
                "encodeurl": {
                  "version": "http://registry.npm.taobao.org/encodeurl/download/encodeurl-1.0.2.tgz",
                  "bundled": true
                },
                "escape-html": {
                  "version": "http://registry.npm.taobao.org/escape-html/download/escape-html-1.0.3.tgz",
                  "bundled": true
                },
                "etag": {
                  "version": "http://registry.npm.taobao.org/etag/download/etag-1.8.1.tgz",
                  "bundled": true
                },
                "fresh": {
                  "version": "http://registry.npm.taobao.org/fresh/download/fresh-0.5.2.tgz",
                  "bundled": true
                },
                "http-errors": {
                  "version": "http://registry.npm.taobao.org/http-errors/download/http-errors-1.6.3.tgz",
                  "bundled": true,
                  "dependencies": {}
                },
                "mime": {
                  "version": "http://registry.npm.taobao.org/mime/download/mime-1.4.1.tgz",
                  "bundled": true
                },
                "ms": {
                  "version": "http://registry.npm.taobao.org/ms/download/ms-2.0.0.tgz",
                  "bundled": true
                },
                "on-finished": {
                  "version": "http://registry.npm.taobao.org/on-finished/download/on-finished-2.3.0.tgz",
                  "bundled": true,
                  "dependencies": {}
                },
                "range-parser": {
                  "version": "http://registry.npm.taobao.org/range-parser/download/range-parser-1.2.0.tgz",
                  "bundled": true
                },
                "statuses": {
                  "version": "http://registry.npm.taobao.org/statuses/download/statuses-1.4.0.tgz",
                  "bundled": true
                }
              }
            }
          }
        },
        "setprototypeof": {
          "version": "1.1.0",
          "resolved": "http://registry.npm.taobao.org/setprototypeof/download/setprototypeof-1.1.0.tgz"
        },
        "statuses": {
          "version": "1.4.0",
          "resolved": "http://registry.npm.taobao.org/statuses/download/statuses-1.4.0.tgz"
        },
        "type-is": {
          "version": "1.6.16",
          "resolved": "http://registry.npm.taobao.org/type-is/download/type-is-1.6.16.tgz",
          "dependencies": {
            "media-typer": {
              "version": "http://registry.npm.taobao.org/media-typer/download/media-typer-0.3.0.tgz",
              "bundled": true
            },
            "mime-types": {
              "version": "http://registry.npm.taobao.org/mime-types/download/mime-types-2.1.22.tgz",
              "bundled": true,
              "dependencies": {}
            }
          }
        },
        "utils-merge": {
          "version": "1.0.1",
          "resolved": "http://registry.npm.taobao.org/utils-merge/download/utils-merge-1.0.1.tgz"
        },
        "vary": {
          "version": "1.1.2",
          "resolved": "http://registry.npm.taobao.org/vary/download/vary-1.1.2.tgz"
        }
      }
    },
    "http-errors": {
      "version": "1.6.3",
      "resolved": "http://registry.npm.taobao.org/http-errors/download/http-errors-1.6.3.tgz",
      "requires": {
        "inherits": "2.0.3"
      },
      "dependencies": {
        "depd": {
          "version": "http://registry.npm.taobao.org/depd/download/depd-1.1.2.tgz",
          "bundled": true
        },
        "inherits": {
          "version": "http://registry.npm.taobao.org/inherits/download/inherits-2.0.3.tgz",
          "bundled": true
        },
        "setprototypeof": {
          "version": "http://registry.npm.taobao.org/setprototypeof/download/setprototypeof-1.1.0.tgz",
          "bundled": true
        },
        "statuses": {
          "version": "http://registry.npm.taobao.org/statuses/download/statuses-1.5.0.tgz",
          "bundled": true
        }
      }
    },
    "inherits": {
      "version": "2.0.3",
      "resolved": "http://registry.npm.taobao.org/inherits/download/inherits-2.0.3.tgz"
    },
    "isarray": {
      "version": "1.0.0",
      "resolved": "https://registry.npmjs.org/isarray/-/isarray-1.0.0.tgz",
      "integrity": "sha1-u5NdSFgsuhaMBoNJV6VKPgcSTxE="
    },
    "jade": {
      "version": "1.11.0",
      "resolved": "http://registry.npm.taobao.org/jade/download/jade-1.11.0.tgz",
      "requires": {
        "character-parser": "1.2.1",
        "clean-css": "^3.1.9",
        "commander": "~2.6.0",
        "constantinople": "~3.0.1",
        "jstransformer": "0.0.2",
        "mkdirp": "~0.5.0",
        "transformers": "2.1.0",
        "uglify-js": "^2.4.19",
        "void-elements": "~2.0.1",
        "with": "~4.0.0"
      },
      "dependencies": {
        "character-parser": {
          "version": "1.2.1",
          "bundled": true
        },
        "clean-css": {
          "version": "3.4.28",
          "bundled": true
        },
        "commander": {
          "version": "2.6.0",
          "bundled": true
        },
        "constantinople": {
          "version": "3.0.2",
          "bundled": true,
          "dependencies": {
            "acorn": {
              "version": "http://registry.npm.taobao.org/acorn/download/acorn-2.7.0.tgz",
              "bundled": true
            }
          }
        },
        "jstransformer": {
          "version": "0.0.2",
          "bundled": true,
          "dependencies": {
            "is-promise": {
              "version": "http://registry.npm.taobao.org/is-promise/download/is-promise-2.1.0.tgz",
              "bundled": true
            },
            "promise": {
              "version": "http://registry.npm.taobao.org/promise/download/promise-6.1.0.tgz",
              "bundled": true
            }
          }
        },
        "mkdirp": {
          "version": "0.5.1",
          "bundled": true,
          "dependencies": {
            "minimist": {
              "version": "http://registry.npm.taobao.org/minimist/download/minimist-0.0.8.tgz",
              "bundled": true
            }
          }
        },
        "transformers": {
          "version": "2.1.0",
          "bundled": true,
          "dependencies": {
            "css": {
              "version": "http://registry.npm.taobao.org/css/download/css-1.0.8.tgz",
              "bundled": true
            },
            "promise": {
              "version": "http://registry.npm.taobao.org/promise/download/promise-2.0.0.tgz",
              "bundled": true,
              "dependencies": {
                "is-promise": {
                  "version": "http://registry.npm.taobao.org/is-promise/download/is-promise-1.0.1.tgz",
                  "bundled": true
                }
              }
            },
            "uglify-js": {
              "version": "http://registry.npm.taobao.org/uglify-js/download/uglify-js-2.2.5.tgz",
              "bundled": true
            }
          }
        },
        "uglify-js": {
          "version": "2.8.29",
          "bundled": true,
          "dependencies": {
            "source-map": {
              "version": "http://registry.npm.taobao.org/source-map/download/source-map-0.5.7.tgz",
              "bundled": true
            },
            "uglify-to-browserify": {
              "version": "http://registry.npm.taobao.org/uglify-to-browserify/download/uglify-to-browserify-1.0.2.tgz",
              "bundled": true
            },
            "yargs": {
              "version": "http://registry.npm.taobao.org/yargs/download/yargs-3.10.0.tgz",
              "bundled": true
            }
          }
        },
        "void-elements": {
          "version": "2.0.1",
          "bundled": true
        },
        "with": {
          "version": "4.0.3",
          "bundled": true,
          "dependencies": {
            "acorn": {
              "version": "http://registry.npm.taobao.org/acorn/download/acorn-1.2.2.tgz",
              "bundled": true
            },
            "acorn-globals": {
              "version": "http://registry.npm.taobao.org/acorn-globals/download/acorn-globals-1.0.9.tgz",
              "bundled": true,
              "dependencies": {
                "acorn": {
                  "version": "http://registry.npm.taobao.org/acorn/download/acorn-2.7.0.tgz",
                  "bundled": true
                }
              }
            }
          }
        }
      }
    },
    "morgan": {
      "version": "1.9.1",
      "resolved": "http://registry.npm.taobao.org/morgan/download/morgan-1.9.1.tgz",
      "requires": {
        "basic-auth": "~2.0.0",
        "debug": "2.6.9",
        "depd": "~1.1.2",
        "on-finished": "~2.3.0",
        "on-headers": "~1.0.1"
      },
      "dependencies": {
        "basic-auth": {
          "version": "2.0.1",
          "resolved": "http://registry.npm.taobao.org/basic-auth/download/basic-auth-2.0.1.tgz",
          "dependencies": {
            "safe-buffer": {
              "version": "http://registry.npm.taobao.org/safe-buffer/download/safe-buffer-5.1.2.tgz",
              "bundled": true
            }
          }
        },
        "debug": {
          "version": "2.6.9",
          "resolved": "http://registry.npm.taobao.org/debug/download/debug-2.6.9.tgz",
          "dependencies": {
            "ms": {
              "version": "http://registry.npm.taobao.org/ms/download/ms-2.0.0.tgz",
              "bundled": true
            }
          }
        },
        "depd": {
          "version": "1.1.2",
          "resolved": "http://registry.npm.taobao.org/depd/download/depd-1.1.2.tgz"
        },
        "on-finished": {
          "version": "2.3.0",
          "resolved": "http://registry.npm.taobao.org/on-finished/download/on-finished-2.3.0.tgz",
          "dependencies": {
            "ee-first": {
              "version": "http://registry.npm.taobao.org/ee-first/download/ee-first-1.1.1.tgz",
              "bundled": true
            }
          }
        },
        "on-headers": {
          "version": "1.0.1",
          "resolved": "http://registry.npm.taobao.org/on-headers/download/on-headers-1.0.1.tgz"
        }
      }
    },
    "mysql": {
      "version": "2.16.0",
      "resolved": "https://registry.npmjs.org/mysql/-/mysql-2.16.0.tgz",
      "integrity": "sha512-dPbN2LHonQp7D5ja5DJXNbCLe/HRdu+f3v61aguzNRQIrmZLOeRoymBYyeThrR6ug+FqzDL95Gc9maqZUJS+Gw==",
      "requires": {
        "bignumber.js": "4.1.0",
        "readable-stream": "2.3.6",
        "safe-buffer": "5.1.2",
        "sqlstring": "2.3.1"
      },
      "dependencies": {
        "safe-buffer": {
          "version": "5.1.2",
          "resolved": "https://registry.npmjs.org/safe-buffer/-/safe-buffer-5.1.2.tgz",
          "integrity": "sha512-Gd2UZBJDkXlY7GbJxfsE8/nvKkUEU1G38c1siN6QP6a9PT9MmHB8GnpscSmMJSoF8LOIrt8ud/wPtojys4G6+g=="
        }
      }
    },
    "process-nextick-args": {
      "version": "2.0.0",
      "resolved": "https://registry.npmjs.org/process-nextick-args/-/process-nextick-args-2.0.0.tgz",
      "integrity": "sha512-MtEC1TqN0EU5nephaJ4rAtThHtC86dNN9qCuEhtshvpVBkAW5ZO7BASN9REnF9eoXGcRub+pFuKEpOHE+HbEMw=="
    },
    "readable-stream": {
      "version": "2.3.6",
      "resolved": "https://registry.npmjs.org/readable-stream/-/readable-stream-2.3.6.tgz",
      "integrity": "sha512-tQtKA9WIAhBF3+VLAseyMqZeBjW0AHJoxOtYqSUZNJxauErmLbVm2FW1y+J/YA9dUrAC39ITejlZWhVIwawkKw==",
      "requires": {
        "core-util-is": "~1.0.0",
        "inherits": "~2.0.3",
        "isarray": "~1.0.0",
        "process-nextick-args": "~2.0.0",
        "safe-buffer": "~5.1.1",
        "string_decoder": "~1.1.1",
        "util-deprecate": "~1.0.1"
      }
    },
    "safe-buffer": {
      "version": "5.1.2",
      "resolved": "http://registry.npm.taobao.org/safe-buffer/download/safe-buffer-5.1.2.tgz"
    },
    "sqlstring": {
      "version": "2.3.1",
      "resolved": "https://registry.npmjs.org/sqlstring/-/sqlstring-2.3.1.tgz",
      "integrity": "sha1-R1OT/56RR5rqYtyvDKPRSYOn+0A="
    },
    "string_decoder": {
      "version": "1.1.1",
      "resolved": "https://registry.npmjs.org/string_decoder/-/string_decoder-1.1.1.tgz",
      "integrity": "sha512-n/ShnvDi6FHbbVfviro+WojiFzv+s8MPMHBczVePfUpDJLwoLT0ht1l4YwBCbi8pJAveEEdnkHyPyTP/mzRfwg==",
      "requires": {
        "safe-buffer": "~5.1.0"
      }
    },
    "util-deprecate": {
      "version": "1.0.2",
      "resolved": "https://registry.npmjs.org/util-deprecate/-/util-deprecate-1.0.2.tgz",
      "integrity": "sha1-RQ1Nyfpw3nMnYvvS1KKJgUGaDM8="
    }
  }
}
